
Microsoft Visual Studio Solution File, Format Version 12.00
# Visual Studio Version 17
VisualStudioVersion = 17.6.33815.320
MinimumVisualStudioVersion = 10.0.40219.1
Project("{FAE04EC0-301F-11D3-BF4B-00C04F79EFBC}") = "Vehicle.WebApi", "Vehicle.WebApi\Vehicle.WebApi.csproj", "{DC2F09D3-BEB3-414A-8836-94BB77944C22}"
EndProject
Global
	GlobalSection(SolutionConfigurationPlatforms) = preSolution
		Debug|Any CPU = Debug|Any CPU
		Release|Any CPU = Release|Any CPU
	EndGlobalSection
	GlobalSection(ProjectConfigurationPlatforms) = postSolution
		{DC2F09D3-BEB3-414A-8836-94BB77944C22}.Debug|Any CPU.ActiveCfg = Debug|Any CPU
		{DC2F09D3-BEB3-414A-8836-94BB77944C22}.Debug|Any CPU.Build.0 = Debug|Any CPU
		{DC2F09D3-BEB3-414A-8836-94BB77944C22}.Release|Any CPU.ActiveCfg = Release|Any CPU
		{DC2F09D3-BEB3-414A-8836-94BB77944C22}.Release|Any CPU.Build.0 = Release|Any CPU
	EndGlobalSection
	GlobalSection(SolutionProperties) = preSolution
		HideSolutionNode = FALSE
	EndGlobalSection
	GlobalSection(ExtensibilityGlobals) = postSolution
		SolutionGuid = {6FB3EC65-58C5-4EE1-BEBC-A301622D3CB7}
	EndGlobalSection
EndGlobal
